// !$*UTF8*$!
{
	archiveVersion = 1;
	classes = {
	};
	objectVersion = 48;
	objects = {

/* Begin PBXBuildFile section */
		2FAAFA591FFA9D1600EA64C3 /* AddContactTableViewCell.swift in Sources */ = {isa = PBXBuildFile; fileRef = 2FAAFA581FFA9D1600EA64C3 /* AddContactTableViewCell.swift */; };
		2FAB84241FEAE7B3006E8211 /* AppDelegate.swift in Sources */ = {isa = PBXBuildFile; fileRef = 2FAB84231FEAE7B3006E8211 /* AppDelegate.swift */; };
		2FAB84261FEAE7B3006E8211 /* ViewController.swift in Sources */ = {isa = PBXBuildFile; fileRef = 2FAB84251FEAE7B3006E8211 /* ViewController.swift */; };
		2FAB84291FEAE7B3006E8211 /* Main.storyboard in Resources */ = {isa = PBXBuildFile; fileRef = 2FAB84271FEAE7B3006E8211 /* Main.storyboard */; };
		2FAB842C1FEAE7B3006E8211 /* test.xcdatamodeld in Sources */ = {isa = PBXBuildFile; fileRef = 2FAB842A1FEAE7B3006E8211 /* test.xcdatamodeld */; };
		2FAB842E1FEAE7B3006E8211 /* Assets.xcassets in Resources */ = {isa = PBXBuildFile; fileRef = 2FAB842D1FEAE7B3006E8211 /* Assets.xcassets */; };
		2FAB84311FEAE7B3006E8211 /* LaunchScreen.storyboard in Resources */ = {isa = PBXBuildFile; fileRef = 2FAB842F1FEAE7B3006E8211 /* LaunchScreen.storyboard */; };
		2FAB84391FEAEAA5006E8211 /* CustomTableViewCell.swift in Sources */ = {isa = PBXBuildFile; fileRef = 2FAB84381FEAEAA4006E8211 /* CustomTableViewCell.swift */; };
		2FAB843B1FEAF018006E8211 /* VerticalCustomTableViewCell.swift in Sources */ = {isa = PBXBuildFile; fileRef = 2FAB843A1FEAF018006E8211 /* VerticalCustomTableViewCell.swift */; };
		2FAB843D1FEB12E1006E8211 /* AddContactViewController.swift in Sources */ = {isa = PBXBuildFile; fileRef = 2FAB843C1FEB12E1006E8211 /* AddContactViewController.swift */; };
		2FAB843F1FEB13C9006E8211 /* Contact.swift in Sources */ = {isa = PBXBuildFile; fileRef = 2FAB843E1FEB13C9006E8211 /* Contact.swift */; };
		2FAB84431FEC1A39006E8211 /* Constants.swift in Sources */ = {isa = PBXBuildFile; fileRef = 2FAB84421FEC1A39006E8211 /* Constants.swift */; };
/* End PBXBuildFile section */

/* Begin PBXFileReference section */
		2FAAFA581FFA9D1600EA64C3 /* AddContactTableViewCell.swift */ = {isa = PBXFileReference; lastKnownFileType = sourcecode.swift; path = AddContactTableViewCell.swift; sourceTree = "<group>"; };
		2FAB84201FEAE7B3006E8211 /* test.app */ = {isa = PBXFileReference; explicitFileType = wrapper.application; includeInIndex = 0; path = test.app; sourceTree = BUILT_PRODUCTS_DIR; };
		2FAB84231FEAE7B3006E8211 /* AppDelegate.swift */ = {isa = PBXFileReference; lastKnownFileType = sourcecode.swift; path = AppDelegate.swift; sourceTree = "<group>"; };
		2FAB84251FEAE7B3006E8211 /* ViewController.swift */ = {isa = PBXFileReference; lastKnownFileType = sourcecode.swift; path = ViewController.swift; sourceTree = "<group>"; };
		2FAB84281FEAE7B3006E8211 /* Base */ = {isa = PBXFileReference; lastKnownFileType = file.storyboard; name = Base; path = Base.lproj/Main.storyboard; sourceTree = "<group>"; };
		2FAB842B1FEAE7B3006E8211 /* test.xcdatamodel */ = {isa = PBXFileReference; lastKnownFileType = wrapper.xcdatamodel; path = test.xcdatamodel; sourceTree = "<group>"; };
		2FAB842D1FEAE7B3006E8211 /* Assets.xcassets */ = {isa = PBXFileReference; lastKnownFileType = folder.assetcatalog; path = Assets.xcassets; sourceTree = "<group>"; };
		2FAB84301FEAE7B3006E8211 /* Base */ = {isa = PBXFileReference; lastKnownFileType = file.storyboard; name = Base; path = Base.lproj/LaunchScreen.storyboard; sourceTree = "<group>"; };
		2FAB84321FEAE7B3006E8211 /* Info.plist */ = {isa = PBXFileReference; lastKnownFileType = text.plist.xml; path = Info.plist; sourceTree = "<group>"; };
		2FAB84381FEAEAA4006E8211 /* CustomTableViewCell.swift */ = {isa = PBXFileReference; lastKnownFileType = sourcecode.swift; path = CustomTableViewCell.swift; sourceTree = "<group>"; };
		2FAB843A1FEAF018006E8211 /* VerticalCustomTableViewCell.swift */ = {isa = PBXFileReference; lastKnownFileType = sourcecode.swift; path = VerticalCustomTableViewCell.swift; sourceTree = "<group>"; };
		2FAB843C1FEB12E1006E8211 /* AddContactViewController.swift */ = {isa = PBXFileReference; lastKnownFileType = sourcecode.swift; path = AddContactViewController.swift; sourceTree = "<group>"; };
		2FAB843E1FEB13C9006E8211 /* Contact.swift */ = {isa = PBXFileReference; lastKnownFileType = sourcecode.swift; path = Contact.swift; sourceTree = "<group>"; };
		2FAB84421FEC1A39006E8211 /* Constants.swift */ = {isa = PBXFileReference; lastKnownFileType = sourcecode.swift; path = Constants.swift; sourceTree = "<group>"; };
/* End PBXFileReference section */

/* Begin PBXFrameworksBuildPhase section */
		2FAB841D1FEAE7B3006E8211 /* Frameworks */ = {
			isa = PBXFrameworksBuildPhase;
			buildActionMask = 2147483647;
			files = (
			);
			runOnlyForDeploymentPostprocessing = 0;
		};
/* End PBXFrameworksBuildPhase section */

/* Begin PBXGroup section */
		2FAB84171FEAE7B3006E8211 = {
			isa = PBXGroup;
			children = (
				2FAB84221FEAE7B3006E8211 /* test */,
				2FAB84211FEAE7B3006E8211 /* Products */,
			);
			sourceTree = "<group>";
		};
		2FAB84211FEAE7B3006E8211 /* Products */ = {
			isa = PBXGroup;
			children = (
				2FAB84201FEAE7B3006E8211 /* test.app */,
			);
			name = Products;
			sourceTree = "<group>";
		};
		2FAB84221FEAE7B3006E8211 /* test */ = {
			isa = PBXGroup;
			children = (
				2FAB84231FEAE7B3006E8211 /* AppDelegate.swift */,
				2FAB84251FEAE7B3006E8211 /* ViewController.swift */,
				2FAB84421FEC1A39006E8211 /* Constants.swift */,
				2FAB843C1FEB12E1006E8211 /* AddContactViewController.swift */,
				2FAB84271FEAE7B3006E8211 /* Main.storyboard */,
				2FAAFA581FFA9D1600EA64C3 /* AddContactTableViewCell.swift */,
				2FAB843E1FEB13C9006E8211 /* Contact.swift */,
				2FAB843A1FEAF018006E8211 /* VerticalCustomTableViewCell.swift */,
				2FAB84381FEAEAA4006E8211 /* CustomTableViewCell.swift */,
				2FAB842D1FEAE7B3006E8211 /* Assets.xcassets */,
				2FAB842F1FEAE7B3006E8211 /* LaunchScreen.storyboard */,
				2FAB84321FEAE7B3006E8211 /* Info.plist */,
				2FAB842A1FEAE7B3006E8211 /* test.xcdatamodeld */,
			);
			path = test;
			sourceTree = "<group>";
		};
/* End PBXGroup section */

/* Begin PBXNativeTarget section */
		2FAB841F1FEAE7B3006E8211 /* test */ = {
			isa = PBXNativeTarget;
			buildConfigurationList = 2FAB84351FEAE7B3006E8211 /* Build configuration list for PBXNativeTarget "test" */;
			buildPhases = (
				2FAB841C1FEAE7B3006E8211 /* Sources */,
				2FAB841D1FEAE7B3006E8211 /* Frameworks */,
				2FAB841E1FEAE7B3006E8211 /* Resources */,
			);
			buildRules = (
			);
			dependencies = (
			);
			name = test;
			productName = test;
			productReference = 2FAB84201FEAE7B3006E8211 /* test.app */;
			productType = "com.apple.product-type.application";
		};
/* End PBXNativeTarget section */

/* Begin PBXProject section */
		2FAB84181FEAE7B3006E8211 /* Project object */ = {
			isa = PBXProject;
			attributes = {
				LastSwiftUpdateCheck = 0920;
				LastUpgradeCheck = 0920;
				ORGANIZATIONNAME = "Maja Zafran";
				TargetAttributes = {
					2FAB841F1FEAE7B3006E8211 = {
						CreatedOnToolsVersion = 9.2;
						ProvisioningStyle = Automatic;
					};
				};
			};
			buildConfigurationList = 2FAB841B1FEAE7B3006E8211 /* Build configuration list for PBXProject "test" */;
			compatibilityVersion = "Xcode 8.0";
			developmentRegion = en;
			hasScannedForEncodings = 0;
			knownRegions = (
				en,
				Base,
			);
			mainGroup = 2FAB84171FEAE7B3006E8211;
			productRefGroup = 2FAB84211FEAE7B3006E8211 /* Products */;
			projectDirPath = "";
			projectRoot = "";
			targets = (
				2FAB841F1FEAE7B3006E8211 /* test */,
			);
		};
/* End PBXProject section */

/* Begin PBXResourcesBuildPhase section */
		2FAB841E1FEAE7B3006E8211 /* Resources */ = {
			isa = PBXResourcesBuildPhase;
			buildActionMask = 2147483647;
			files = (
				2FAB84311FEAE7B3006E8211 /* LaunchScreen.storyboard in Resources */,
				2FAB842E1FEAE7B3006E8211 /* Assets.xcassets in Resources */,
				2FAB84291FEAE7B3006E8211 /* Main.storyboard in Resources */,
			);
			runOnlyForDeploymentPostprocessing = 0;
		};
/* End PBXResourcesBuildPhase section */

/* Begin PBXSourcesBuildPhase section */
		2FAB841C1FEAE7B3006E8211 /* Sources */ = {
			isa = PBXSourcesBuildPhase;
			buildActionMask = 2147483647;
			files = (
				2FAAFA591FFA9D1600EA64C3 /* AddContactTableViewCell.swift in Sources */,
				2FAB84261FEAE7B3006E8211 /* ViewController.swift in Sources */,
				2FAB84241FEAE7B3006E8211 /* AppDelegate.swift in Sources */,
				2FAB843B1FEAF018006E8211 /* VerticalCustomTableViewCell.swift in Sources */,
				2FAB843D1FEB12E1006E8211 /* AddContactViewController.swift in Sources */,
				2FAB84391FEAEAA5006E8211 /* CustomTableViewCell.swift in Sources */,
				2FAB842C1FEAE7B3006E8211 /* test.xcdatamodeld in Sources */,
				2FAB843F1FEB13C9006E8211 /* Contact.swift in Sources */,
				2FAB84431FEC1A39006E8211 /* Constants.swift in Sources */,
			);
			runOnlyForDeploymentPostprocessing = 0;
		};
/* End PBXSourcesBuildPhase section */

/* Begin PBXVariantGroup section */
		2FAB84271FEAE7B3006E8211 /* Main.storyboard */ = {
			isa = PBXVariantGroup;
			children = (
				2FAB84281FEAE7B3006E8211 /* Base */,
			);
			name = Main.storyboard;
			sourceTree = "<group>";
		};
		2FAB842F1FEAE7B3006E8211 /* LaunchScreen.storyboard */ = {
			isa = PBXVariantGroup;
			children = (
				2FAB84301FEAE7B3006E8211 /* Base */,
			);
			name = LaunchScreen.storyboard;
			sourceTree = "<group>";
		};
/* End PBXVariantGroup section */

/* Begin XCBuildConfiguration section */
		2FAB84331FEAE7B3006E8211 /* Debug */ = {
			isa = XCBuildConfiguration;
			buildSettings = {
				ALWAYS_SEARCH_USER_PATHS = NO;
				CLANG_ANALYZER_NONNULL = YES;
				CLANG_ANALYZER_NUMBER_OBJECT_CONVERSION = YES_AGGRESSIVE;
				CLANG_CXX_LANGUAGE_STANDARD = "gnu++14";
				CLANG_CXX_LIBRARY = "libc++";
				CLANG_ENABLE_MODULES = YES;
				CLANG_ENABLE_OBJC_ARC = YES;
				CLANG_WARN_BLOCK_CAPTURE_AUTORELEASING = YES;
				CLANG_WARN_BOOL_CONVERSION = YES;
				CLANG_WARN_COMMA = YES;
				CLANG_WARN_CONSTANT_CONVERSION = YES;
				CLANG_WARN_DIRECT_OBJC_ISA_USAGE = YES_ERROR;
				CLANG_WARN_DOCUMENTATION_COMMENTS = YES;
				CLANG_WARN_EMPTY_BODY = YES;
				CLANG_WARN_ENUM_CONVERSION = YES;
				CLANG_WARN_INFINITE_RECURSION = YES;
				CLANG_WARN_INT_CONVERSION = YES;
				CLANG_WARN_NON_LITERAL_NULL_CONVERSION = YES;
				CLANG_WARN_OBJC_LITERAL_CONVERSION = YES;
				CLANG_WARN_OBJC_ROOT_CLASS = YES_ERROR;
				CLANG_WARN_RANGE_LOOP_ANALYSIS = YES;
				CLANG_WARN_STRICT_PROTOTYPES = YES;
				CLANG_WARN_SUSPICIOUS_MOVE = YES;
				CLANG_WARN_UNGUARDED_AVAILABILITY = YES_AGGRESSIVE;
				CLANG_WARN_UNREACHABLE_CODE = YES;
				CLANG_WARN__DUPLICATE_METHOD_MATCH = YES;
				CODE_SIGN_IDENTITY = "iPhone Developer";
				COPY_PHASE_STRIP = NO;
				DEBUG_INFORMATION_FORMAT = dwarf;
				ENABLE_STRICT_OBJC_MSGSEND = YES;
				ENABLE_TESTABILITY = YES;
				GCC_C_LANGUAGE_STANDARD = gnu11;
				GCC_DYNAMIC_NO_PIC = NO;
				GCC_NO_COMMON_BLOCKS = YES;
				GCC_OPTIMIZATION_LEVEL = 0;
				GCC_PREPROCESSOR_DEFINITIONS = (
					"DEBUG=1",
					"$(inherited)",
				);
				GCC_WARN_64_TO_32_BIT_CONVERSION = YES;
				GCC_WARN_ABOUT_RETURN_TYPE = YES_ERROR;
				GCC_WARN_UNDECLARED_SELECTOR = YES;
				GCC_WARN_UNINITIALIZED_AUTOS = YES_AGGRESSIVE;
				GCC_WARN_UNUSED_FUNCTION = YES;
				GCC_WARN_UNUSED_VARIABLE = YES;
				IPHONEOS_DEPLOYMENT_TARGET = 11.2;
				MTL_ENABLE_DEBUG_INFO = YES;
				ONLY_ACTIVE_ARCH = YES;
				SDKROOT = iphoneos;
				SWIFT_ACTIVE_COMPILATION_CONDITIONS = DEBUG;
				SWIFT_OPTIMIZATION_LEVEL = "-Onone";
			};
			name = Debug;
		};
		2FAB84341FEAE7B3006E8211 /* Release */ = {
			isa = XCBuildConfiguration;
			buildSettings = {
				ALWAYS_SEARCH_USER_PATHS = NO;
				CLANG_ANALYZER_NONNULL = YES;
				CLANG_ANALYZER_NUMBER_OBJECT_CONVERSION = YES_AGGRESSIVE;
				CLANG_CXX_LANGUAGE_STANDARD = "gnu++14";
				CLANG_CXX_LIBRARY = "libc++";
				CLANG_ENABLE_MODULES = YES;
				CLANG_ENABLE_OBJC_ARC = YES;
				CLANG_WARN_BLOCK_CAPTURE_AUTORELEASING = YES;
				CLANG_WARN_BOOL_CONVERSION = YES;
				CLANG_WARN_COMMA = YES;
				CLANG_WARN_CONSTANT_CONVERSION = YES;
				CLANG_WARN_DIRECT_OBJC_ISA_USAGE = YES_ERROR;
				CLANG_WARN_DOCUMENTATION_COMMENTS = YES;
				CLANG_WARN_EMPTY_BODY = YES;
				CLANG_WARN_ENUM_CONVERSION = YES;
				CLANG_WARN_INFINITE_RECURSION = YES;
				CLANG_WARN_INT_CONVERSION = YES;
				CLANG_WARN_NON_LITERAL_NULL_CONVERSION = YES;
				CLANG_WARN_OBJC_LITERAL_CONVERSION = YES;
				CLANG_WARN_OBJC_ROOT_CLASS = YES_ERROR;
				CLANG_WARN_RANGE_LOOP_ANALYSIS = YES;
				CLANG_WARN_STRICT_PROTOTYPES = YES;
				CLANG_WARN_SUSPICIOUS_MOVE = YES;
				CLANG_WARN_UNGUARDED_AVAILABILITY = YES_AGGRESSIVE;
				CLANG_WARN_UNREACHABLE_CODE = YES;
				CLANG_WARN__DUPLICATE_METHOD_MATCH = YES;
				CODE_SIGN_IDENTITY = "iPhone Developer";
				COPY_PHASE_STRIP = NO;
				DEBUG_INFORMATION_FORMAT = "dwarf-with-dsym";
				ENABLE_NS_ASSERTIONS = NO;
				ENABLE_STRICT_OBJC_MSGSEND = YES;
				GCC_C_LANGUAGE_STANDARD = gnu11;
				GCC_NO_COMMON_BLOCKS = YES;
				GCC_WARN_64_TO_32_BIT_CONVERSION = YES;
				GCC_WARN_ABOUT_RETURN_TYPE = YES_ERROR;
				GCC_WARN_UNDECLARED_SELECTOR = YES;
				GCC_WARN_UNINITIALIZED_AUTOS = YES_AGGRESSIVE;
				GCC_WARN_UNUSED_FUNCTION = YES;
				GCC_WARN_UNUSED_VARIABLE = YES;
				IPHONEOS_DEPLOYMENT_TARGET = 11.2;
				MTL_ENABLE_DEBUG_INFO = NO;
				SDKROOT = iphoneos;
				SWIFT_OPTIMIZATION_LEVEL = "-Owholemodule";
				VALIDATE_PRODUCT = YES;
			};
			name = Release;
		};
		2FAB84361FEAE7B3006E8211 /* Debug */ = {
			isa = XCBuildConfiguration;
			buildSettings = {
				ASSETCATALOG_COMPILER_APPICON_NAME = AppIcon;
				CODE_SIGN_STYLE = Automatic;
				DEVELOPMENT_TEAM = D52GJPJ44D;
				INFOPLIST_FILE = test/Info.plist;
				LD_RUNPATH_SEARCH_PATHS = "$(inherited) @executable_path/Frameworks";
				PRODUCT_BUNDLE_IDENTIFIER = com.redssie.test;
				PRODUCT_NAME = "$(TARGET_NAME)";
				SWIFT_VERSION = 4.0;
				TARGETED_DEVICE_FAMILY = "1,2";
			};
			name = Debug;
		};
		2FAB84371FEAE7B3006E8211 /* Release */ = {
			isa = XCBuildConfiguration;
			buildSettings = {
				ASSETCATALOG_COMPILER_APPICON_NAME = AppIcon;
				CODE_SIGN_STYLE = Automatic;
				DEVELOPMENT_TEAM = D52GJPJ44D;
				INFOPLIST_FILE = test/Info.plist;
				LD_RUNPATH_SEARCH_PATHS = "$(inherited) @executable_path/Frameworks";
				PRODUCT_BUNDLE_IDENTIFIER = com.redssie.test;
				PRODUCT_NAME = "$(TARGET_NAME)";
				SWIFT_VERSION = 4.0;
				TARGETED_DEVICE_FAMILY = "1,2";
			};
			name = Release;
		};
/* End XCBuildConfiguration section */

/* Begin XCConfigurationList section */
		2FAB841B1FEAE7B3006E8211 /* Build configuration list for PBXProject "test" */ = {
			isa = XCConfigurationList;
			buildConfigurations = (
				2FAB84331FEAE7B3006E8211 /* Debug */,
				2FAB84341FEAE7B3006E8211 /* Release */,
			);
			defaultConfigurationIsVisible = 0;
			defaultConfigurationName = Release;
		};
		2FAB84351FEAE7B3006E8211 /* Build configuration list for PBXNativeTarget "test" */ = {
			isa = XCConfigurationList;
			buildConfigurations = (
				2FAB84361FEAE7B3006E8211 /* Debug */,
				2FAB84371FEAE7B3006E8211 /* Release */,
			);
			defaultConfigurationIsVisible = 0;
			defaultConfigurationName = Release;
		};
/* End XCConfigurationList section */

/* Begin XCVersionGroup section */
		2FAB842A1FEAE7B3006E8211 /* test.xcdatamodeld */ = {
			isa = XCVersionGroup;
			children = (
				2FAB842B1FEAE7B3006E8211 /* test.xcdatamodel */,
			);
			currentVersion = 2FAB842B1FEAE7B3006E8211 /* test.xcdatamodel */;
			path = test.xcdatamodeld;
			sourceTree = "<group>";
			versionGroupType = wrapper.xcdatamodel;
		};
/* End XCVersionGroup section */
	};
	rootObject = 2FAB84181FEAE7B3006E8211 /* Project object */;
}
